
Microsoft Visual Studio Solution File, Format Version 12.00
# Visual Studio 15
VisualStudioVersion = 15.0.28307.136
MinimumVisualStudioVersion = 10.0.40219.1
Project("{FAE04EC0-301F-11D3-BF4B-00C04F79EFBC}") = "MiniProjet", "MiniProjet\MiniProjet.csproj", "{9ACB15F0-632C-46C9-AFDF-AAF3F23DA91B}"
EndProject
Global
	GlobalSection(SolutionConfigurationPlatforms) = preSolution
		Debug|Any CPU = Debug|Any CPU
		Release|Any CPU = Release|Any CPU
	EndGlobalSection
	GlobalSection(ProjectConfigurationPlatforms) = postSolution
		{9ACB15F0-632C-46C9-AFDF-AAF3F23DA91B}.Debug|Any CPU.ActiveCfg = Debug|Any CPU
		{9ACB15F0-632C-46C9-AFDF-AAF3F23DA91B}.Debug|Any CPU.Build.0 = Debug|Any CPU
		{9ACB15F0-632C-46C9-AFDF-AAF3F23DA91B}.Release|Any CPU.ActiveCfg = Release|Any CPU
		{9ACB15F0-632C-46C9-AFDF-AAF3F23DA91B}.Release|Any CPU.Build.0 = Release|Any CPU
	EndGlobalSection
	GlobalSection(SolutionProperties) = preSolution
		HideSolutionNode = FALSE
	EndGlobalSection
	GlobalSection(ExtensibilityGlobals) = postSolution
		SolutionGuid = {B186374B-BF3E-4762-8AAB-2B43DE6C11B4}
	EndGlobalSection
EndGlobal
